PODS:
  - FSCalendar (2.8.2)
  - Realm (10.24.2):
    - Realm/Headers (= 10.24.2)
  - Realm/Headers (10.24.2)
  - RealmSwift (10.24.2):
    - Realm (= 10.24.2)

DEPENDENCIES:
  - FSCalendar
  - RealmSwift

SPEC REPOS:
  trunk:
    - FSCalendar
    - Realm
    - RealmSwift

SPEC CHECKSUMS:
  FSCalendar: e6a2eb9c571bf0719ed797ef807e08426753c241
  Realm: c8421eee9ff92b16b4f91a313b5cc695c37c1921
  RealmSwift: 10ed6fa09c36aaaff55e12afdc71802ec3ddb1c0

PODFILE CHECKSUM: b30934b110e1d78c418f6bec6ff871fb5874a720

COCOAPODS: 1.11.3
